{
  "name": "reta",
  "lockfileVersion": 3,
  "requires": true,
  "packages": {
    "": {
      "dependencies": {
        "git-csv-diff": "^1.3.3"
      }
    },
    "node_modules/async": {
      "version": "2.5.0",
      "resolved": "https://registry.npmjs.org/async/-/async-2.5.0.tgz",
      "integrity": "sha512-e+lJAJeNWuPCNyxZKOBdaJGyLGHugXVQtrAwtuAe2vhxTYxFTKE73p8JuTmdH0qdQZtDvI4dhJwjZc5zsfIsYw==",
      "license": "MIT",
      "dependencies": {
        "lodash": "^4.14.0"
      }
    },
    "node_modules/daff": {
      "version": "1.3.25",
      "resolved": "https://registry.npmjs.org/daff/-/daff-1.3.25.tgz",
      "integrity": "sha512-XCuNwMMQGbHl9x5cQTiDGnnOxNkOHgCrJxHY66atdB/cyLyYzzMbENhF7HkfqSsTqYJryrCPMSlEKlcJqlOgmw==",
      "license": "MIT",
      "bin": {
        "daff": "bin/daff.js"
      },
      "optionalDependencies": {
        "fibers": "^1.0.0",
        "sqlite3": "^3.0.0"
      }
    },
    "node_modules/fibers": {
      "version": "1.0.15",
      "resolved": "https://registry.npmjs.org/fibers/-/fibers-1.0.15.tgz",
      "integrity": "sha512-wX1w8AQn5JMIe0EVy/g39bOMiUjerDbZTBnwHJtt7zcB+qmui8xnsefgwbmxfXJGvHBOu3XMS6rKuhhK1FOqqg==",
      "hasInstallScript": true,
      "license": "MIT",
      "optional": true,
      "engines": {
        "node": ">=0.5.2"
      }
    },
    "node_modules/git-csv-diff": {
      "version": "1.3.3",
      "resolved": "https://registry.npmjs.org/git-csv-diff/-/git-csv-diff-1.3.3.tgz",
      "integrity": "sha512-gBsu9gDYIjK1gSacwCP730QAVDhFFrfcedHJxxBIIzvWRIawF2RtiNfFq7bl+IovD/kAe3erm/+e86x2H4INrw==",
      "license": "GPL-3.0",
      "dependencies": {
        "async": "2.5.0",
        "daff": "1.3.25",
        "lodash": "4.17.4"
      }
    },
    "node_modules/lodash": {
      "version": "4.17.4",
      "resolved": "https://registry.npmjs.org/lodash/-/lodash-4.17.4.tgz",
      "integrity": "sha512-6X37Sq9KCpLSXEh8uM12AKYlviHPNNk4RxiGBn4cmKGJinbXBneWIV7iE/nXkM928O7ytHcHb6+X6Svl0f4hXg==",
      "license": "MIT"
    },
    "node_modules/nan": {
      "version": "2.7.0",
      "resolved": "https://registry.npmjs.org/nan/-/nan-2.7.0.tgz",
      "integrity": "sha512-8XxKHG2WLQF/U18y3wviZGtZ+z3pqV4Pni112/qhxbhtxdXeqk17RMHqsEf9JTlT+uUZ3mKSHV9CCFz60zOQtQ==",
      "license": "MIT",
      "optional": true
    },
    "node_modules/sqlite3": {
      "version": "3.1.13",
      "resolved": "https://registry.npmjs.org/sqlite3/-/sqlite3-3.1.13.tgz",
      "integrity": "sha512-JxXKPJnkZ6NuHRojq+g2WXWBt3M1G9sjZaYiHEWSTGijDM3cwju/0T2XbWqMXFmPqDgw+iB7zKQvnns4bvzXlw==",
      "bundleDependencies": [
        "node-pre-gyp"
      ],
      "hasInstallScript": true,
      "license": "BSD-3-Clause",
      "optional": true,
      "dependencies": {
        "nan": "~2.7.0",
        "node-pre-gyp": "~0.6.38"
      }
    },
    "node_modules/sqlite3/node_modules/abbrev": {
      "version": "1.1.1",
      "inBundle": true,
      "license": "ISC",
      "optional": true
    },
    "node_modules/sqlite3/node_modules/ajv": {
      "version": "4.11.8",
      "inBundle": true,
      "license": "MIT",
      "optional": true,
      "dependencies": {
        "co": "^4.6.0",
        "json-stable-stringify": "^1.0.1"
      }
    },
    "node_modules/sqlite3/node_modules/ansi-regex": {
      "version": "2.1.1",
      "inBundle": true,
      "license": "MIT",
      "optional": true,
      "engines": {
        "node": ">=0.10.0"
      }
    },
    "node_modules/sqlite3/node_modules/aproba": {
      "version": "1.2.0",
      "inBundle": true,
      "license": "ISC",
      "optional": true
    },
    "node_modules/sqlite3/node_modules/are-we-there-yet": {
      "version": "1.1.4",
      "inBundle": true,
      "license": "ISC",
      "optional": true,
      "dependencies": {
        "delegates": "^1.0.0",
        "readable-stream": "^2.0.6"
      }
    },
    "node_modules/sqlite3/node_modules/asn1": {
      "version": "0.2.3",
      "inBundle": true,
      "license": "MIT",
      "optional": true
    },
    "node_modules/sqlite3/node_modules/assert-plus": {
      "version": "0.2.0",
      "inBundle": true,
      "license": "MIT",
      "optional": true,
      "engines": {
        "node": ">=0.8"
      }
    },
    "node_modules/sqlite3/node_modules/asynckit": {
      "version": "0.4.0",
      "inBundle": true,
      "license": "MIT",
      "optional": true
    },
    "node_modules/sqlite3/node_modules/aws-sign2": {
      "version": "0.6.0",
      "inBundle": true,
      "license": "Apache-2.0",
      "optional": true,
      "engines": {
        "node": "*"
      }
    },
    "node_modules/sqlite3/node_modules/aws4": {
      "version": "1.6.0",
      "inBundle": true,
      "license": "MIT",
      "optional": true
    },
    "node_modules/sqlite3/node_modules/balanced-match": {
      "version": "1.0.0",
      "inBundle": true,
      "license": "MIT",
      "optional": true
    },
    "node_modules/sqlite3/node_modules/bcrypt-pbkdf": {
      "version": "1.0.1",
      "inBundle": true,
      "license": "BSD-3-Clause",
      "optional": true,
      "dependencies": {
        "tweetnacl": "^0.14.3"
      }
    },
    "node_modules/sqlite3/node_modules/block-stream": {
      "version": "0.0.9",
      "inBundle": true,
      "license": "ISC",
      "optional": true,
      "dependencies": {
        "inherits": "~2.0.0"
      },
      "engines": {
        "node": "0.4 || >=0.5.8"
      }
    },
    "node_modules/sqlite3/node_modules/boom": {
      "version": "2.10.1",
      "inBundle": true,
      "license": "BSD-3-Clause",
      "optional": true,
      "dependencies": {
        "hoek": "2.x.x"
      },
      "engines": {
        "node": ">=0.10.40"
      }
    },
    "node_modules/sqlite3/node_modules/brace-expansion": {
      "version": "1.1.8",
      "inBundle": true,
      "license": "MIT",
      "optional": true,
      "dependencies": {
        "balanced-match": "^1.0.0",
        "concat-map": "0.0.1"
      }
    },
    "node_modules/sqlite3/node_modules/caseless": {
      "version": "0.12.0",
      "inBundle": true,
      "license": "Apache-2.0",
      "optional": true
    },
    "node_modules/sqlite3/node_modules/co": {
      "version": "4.6.0",
      "inBundle": true,
      "license": "MIT",
      "optional": true,
      "engines": {
        "iojs": ">= 1.0.0",
        "node": ">= 0.12.0"
      }
    },
    "node_modules/sqlite3/node_modules/code-point-at": {
      "version": "1.1.0",
      "inBundle": true,
      "license": "MIT",
      "optional": true,
      "engines": {
        "node": ">=0.10.0"
      }
    },
    "node_modules/sqlite3/node_modules/combined-stream": {
      "version": "1.0.5",
      "inBundle": true,
      "license": "MIT",
      "optional": true,
      "dependencies": {
        "delayed-stream": "~1.0.0"
      },
      "engines": {
        "node": ">= 0.8"
      }
    },
    "node_modules/sqlite3/node_modules/concat-map": {
      "version": "0.0.1",
      "inBundle": true,
      "license": "MIT",
      "optional": true
    },
    "node_modules/sqlite3/node_modules/console-control-strings": {
      "version": "1.1.0",
      "inBundle": true,
      "license": "ISC",
      "optional": true
    },
    "node_modules/sqlite3/node_modules/core-util-is": {
      "version": "1.0.2",
      "inBundle": true,
      "license": "MIT",
      "optional": true
    },
    "node_modules/sqlite3/node_modules/cryptiles": {
      "version": "2.0.5",
      "inBundle": true,
      "license": "BSD-3-Clause",
      "optional": true,
      "dependencies": {
        "boom": "2.x.x"
      },
      "engines": {
        "node": ">=0.10.40"
      }
    },
    "node_modules/sqlite3/node_modules/dashdash": {
      "version": "1.14.1",
      "inBundle": true,
      "license": "MIT",
      "optional": true,
      "dependencies": {
        "assert-plus": "^1.0.0"
      },
      "engines": {
        "node": ">=0.10"
      }
    },
    "node_modules/sqlite3/node_modules/dashdash/node_modules/assert-plus": {
      "version": "1.0.0",
      "inBundle": true,
      "license": "MIT",
      "optional": true,
      "engines": {
        "node": ">=0.8"
      }
    },
    "node_modules/sqlite3/node_modules/debug": {
      "version": "2.6.9",
      "inBundle": true,
      "license": "MIT",
      "optional": true,
      "dependencies": {
        "ms": "2.0.0"
      }
    },
    "node_modules/sqlite3/node_modules/deep-extend": {
      "version": "0.4.2",
      "inBundle": true,
      "license": "MIT",
      "optional": true,
      "engines": {
        "iojs": ">=1.0.0",
        "node": ">=0.12.0"
      }
    },
    "node_modules/sqlite3/node_modules/delayed-stream": {
      "version": "1.0.0",
      "inBundle": true,
      "license": "MIT",
      "optional": true,
      "engines": {
        "node": ">=0.4.0"
      }
    },
    "node_modules/sqlite3/node_modules/delegates": {
      "version": "1.0.0",
      "inBundle": true,
      "license": "MIT",
      "optional": true
    },
    "node_modules/sqlite3/node_modules/ecc-jsbn": {
      "version": "0.1.1",
      "inBundle": true,
      "license": "MIT",
      "optional": true,
      "dependencies": {
        "jsbn": "~0.1.0"
      }
    },
    "node_modules/sqlite3/node_modules/extend": {
      "version": "3.0.1",
      "inBundle": true,
      "license": "MIT",
      "optional": true
    },
    "node_modules/sqlite3/node_modules/extsprintf": {
      "version": "1.3.0",
      "engines": [
        "node >=0.6.0"
      ],
      "inBundle": true,
      "license": "MIT",
      "optional": true
    },
    "node_modules/sqlite3/node_modules/forever-agent": {
      "version": "0.6.1",
      "inBundle": true,
      "license": "Apache-2.0",
      "optional": true,
      "engines": {
        "node": "*"
      }
    },
    "node_modules/sqlite3/node_modules/form-data": {
      "version": "2.1.4",
      "inBundle": true,
      "license": "MIT",
      "optional": true,
      "dependencies": {
        "asynckit": "^0.4.0",
        "combined-stream": "^1.0.5",
        "mime-types": "^2.1.12"
      },
      "engines": {
        "node": ">= 0.12"
      }
    },
    "node_modules/sqlite3/node_modules/fs.realpath": {
      "version": "1.0.0",
      "inBundle": true,
      "license": "ISC",
      "optional": true
    },
    "node_modules/sqlite3/node_modules/fstream": {
      "version": "1.0.11",
      "inBundle": true,
      "license": "ISC",
      "optional": true,
      "dependencies": {
        "graceful-fs": "^4.1.2",
        "inherits": "~2.0.0",
        "mkdirp": ">=0.5 0",
        "rimraf": "2"
      },
      "engines": {
        "node": ">=0.6"
      }
    },
    "node_modules/sqlite3/node_modules/fstream-ignore": {
      "version": "1.0.5",
      "inBundle": true,
      "license": "ISC",
      "optional": true,
      "dependencies": {
        "fstream": "^1.0.0",
        "inherits": "2",
        "minimatch": "^3.0.0"
      }
    },
    "node_modules/sqlite3/node_modules/gauge": {
      "version": "2.7.4",
      "inBundle": true,
      "license": "ISC",
      "optional": true,
      "dependencies": {
        "aproba": "^1.0.3",
        "console-control-strings": "^1.0.0",
        "has-unicode": "^2.0.0",
        "object-assign": "^4.1.0",
        "signal-exit": "^3.0.0",
        "string-width": "^1.0.1",
        "strip-ansi": "^3.0.1",
        "wide-align": "^1.1.0"
      }
    },
    "node_modules/sqlite3/node_modules/getpass": {
      "version": "0.1.7",
      "inBundle": true,
      "license": "MIT",
      "optional": true,
      "dependencies": {
        "assert-plus": "^1.0.0"
      }
    },
    "node_modules/sqlite3/node_modules/getpass/node_modules/assert-plus": {
      "version": "1.0.0",
      "inBundle": true,
      "license": "MIT",
      "optional": true,
      "engines": {
        "node": ">=0.8"
      }
    },
    "node_modules/sqlite3/node_modules/glob": {
      "version": "7.1.2",
      "inBundle": true,
      "license": "ISC",
      "optional": true,
      "dependencies": {
        "fs.realpath": "^1.0.0",
        "inflight": "^1.0.4",
        "inherits": "2",
        "minimatch": "^3.0.4",
        "once": "^1.3.0",
        "path-is-absolute": "^1.0.0"
      },
      "engines": {
        "node": "*"
      }
    },
    "node_modules/sqlite3/node_modules/graceful-fs": {
      "version": "4.1.11",
      "inBundle": true,
      "license": "ISC",
      "optional": true,
      "engines": {
        "node": ">=0.4.0"
      }
    },
    "node_modules/sqlite3/node_modules/har-schema": {
      "version": "1.0.5",
      "inBundle": true,
      "license": "ISC",
      "optional": true,
      "engines": {
        "node": ">=4"
      }
    },
    "node_modules/sqlite3/node_modules/har-validator": {
      "version": "4.2.1",
      "inBundle": true,
      "license": "ISC",
      "optional": true,
      "dependencies": {
        "ajv": "^4.9.1",
        "har-schema": "^1.0.5"
      },
      "engines": {
        "node": ">=4"
      }
    },
    "node_modules/sqlite3/node_modules/has-unicode": {
      "version": "2.0.1",
      "inBundle": true,
      "license": "ISC",
      "optional": true
    },
    "node_modules/sqlite3/node_modules/hawk": {
      "version": "3.1.3",
      "inBundle": true,
      "license": "BSD-3-Clause",
      "optional": true,
      "dependencies": {
        "boom": "2.x.x",
        "cryptiles": "2.x.x",
        "hoek": "2.x.x",
        "sntp": "1.x.x"
      },
      "engines": {
        "node": ">=0.10.32"
      }
    },
    "node_modules/sqlite3/node_modules/hoek": {
      "version": "2.16.3",
      "inBundle": true,
      "license": "BSD-3-Clause",
      "optional": true,
      "engines": {
        "node": ">=0.10.40"
      }
    },
    "node_modules/sqlite3/node_modules/http-signature": {
      "version": "1.1.1",
      "inBundle": true,
      "license": "MIT",
      "optional": true,
      "dependencies": {
        "assert-plus": "^0.2.0",
        "jsprim": "^1.2.2",
        "sshpk": "^1.7.0"
      },
      "engines": {
        "node": ">=0.8",
        "npm": ">=1.3.7"
      }
    },
    "node_modules/sqlite3/node_modules/inflight": {
      "version": "1.0.6",
      "inBundle": true,
      "license": "ISC",
      "optional": true,
      "dependencies": {
        "once": "^1.3.0",
        "wrappy": "1"
      }
    },
    "node_modules/sqlite3/node_modules/inherits": {
      "version": "2.0.3",
      "inBundle": true,
      "license": "ISC",
      "optional": true
    },
    "node_modules/sqlite3/node_modules/ini": {
      "version": "1.3.4",
      "inBundle": true,
      "license": "ISC",
      "optional": true,
      "engines": {
        "node": "*"
      }
    },
    "node_modules/sqlite3/node_modules/is-fullwidth-code-point": {
      "version": "1.0.0",
      "inBundle": true,
      "license": "MIT",
      "optional": true,
      "dependencies": {
        "number-is-nan": "^1.0.0"
      },
      "engines": {
        "node": ">=0.10.0"
      }
    },
    "node_modules/sqlite3/node_modules/is-typedarray": {
      "version": "1.0.0",
      "inBundle": true,
      "license": "MIT",
      "optional": true
    },
    "node_modules/sqlite3/node_modules/isarray": {
      "version": "1.0.0",
      "inBundle": true,
      "license": "MIT",
      "optional": true
    },
    "node_modules/sqlite3/node_modules/isstream": {
      "version": "0.1.2",
      "inBundle": true,
      "license": "MIT",
      "optional": true
    },
    "node_modules/sqlite3/node_modules/jsbn": {
      "version": "0.1.1",
      "inBundle": true,
      "license": "MIT",
      "optional": true
    },
    "node_modules/sqlite3/node_modules/json-schema": {
      "version": "0.2.3",
      "inBundle": true,
      "optional": true
    },
    "node_modules/sqlite3/node_modules/json-stable-stringify": {
      "version": "1.0.1",
      "inBundle": true,
      "license": "MIT",
      "optional": true,
      "dependencies": {
        "jsonify": "~0.0.0"
      }
    },
    "node_modules/sqlite3/node_modules/json-stringify-safe": {
      "version": "5.0.1",
      "inBundle": true,
      "license": "ISC",
      "optional": true
    },
    "node_modules/sqlite3/node_modules/jsonify": {
      "version": "0.0.0",
      "inBundle": true,
      "license": "Public Domain",
      "optional": true,
      "engines": {
        "node": "*"
      }
    },
    "node_modules/sqlite3/node_modules/jsprim": {
      "version": "1.4.1",
      "engines": [
        "node >=0.6.0"
      ],
      "inBundle": true,
      "license": "MIT",
      "optional": true,
      "dependencies": {
        "assert-plus": "1.0.0",
        "extsprintf": "1.3.0",
        "json-schema": "0.2.3",
        "verror": "1.10.0"
      }
    },
    "node_modules/sqlite3/node_modules/jsprim/node_modules/assert-plus": {
      "version": "1.0.0",
      "inBundle": true,
      "license": "MIT",
      "optional": true,
      "engines": {
        "node": ">=0.8"
      }
    },
    "node_modules/sqlite3/node_modules/mime-db": {
      "version": "1.30.0",
      "inBundle": true,
      "license": "MIT",
      "optional": true,
      "engines": {
        "node": ">= 0.6"
      }
    },
    "node_modules/sqlite3/node_modules/mime-types": {
      "version": "2.1.17",
      "inBundle": true,
      "license": "MIT",
      "optional": true,
      "dependencies": {
        "mime-db": "~1.30.0"
      },
      "engines": {
        "node": ">= 0.6"
      }
    },
    "node_modules/sqlite3/node_modules/minimatch": {
      "version": "3.0.4",
      "inBundle": true,
      "license": "ISC",
      "optional": true,
      "dependencies": {
        "brace-expansion": "^1.1.7"
      },
      "engines": {
        "node": "*"
      }
    },
    "node_modules/sqlite3/node_modules/minimist": {
      "version": "0.0.8",
      "inBundle": true,
      "license": "MIT",
      "optional": true
    },
    "node_modules/sqlite3/node_modules/mkdirp": {
      "version": "0.5.1",
      "inBundle": true,
      "license": "MIT",
      "optional": true,
      "dependencies": {
        "minimist": "0.0.8"
      },
      "bin": {
        "mkdirp": "bin/cmd.js"
      }
    },
    "node_modules/sqlite3/node_modules/ms": {
      "version": "2.0.0",
      "inBundle": true,
      "license": "MIT",
      "optional": true
    },
    "node_modules/sqlite3/node_modules/node-pre-gyp": {
      "version": "0.6.38",
      "inBundle": true,
      "license": "BSD-3-Clause",
      "optional": true,
      "dependencies": {
        "hawk": "3.1.3",
        "mkdirp": "^0.5.1",
        "nopt": "^4.0.1",
        "npmlog": "^4.0.2",
        "rc": "^1.1.7",
        "request": "2.81.0",
        "rimraf": "^2.6.1",
        "semver": "^5.3.0",
        "tar": "^2.2.1",
        "tar-pack": "^3.4.0"
      },
      "bin": {
        "node-pre-gyp": "bin/node-pre-gyp"
      }
    },
    "node_modules/sqlite3/node_modules/nopt": {
      "version": "4.0.1",
      "inBundle": true,
      "license": "ISC",
      "optional": true,
      "dependencies": {
        "abbrev": "1",
        "osenv": "^0.1.4"
      },
      "bin": {
        "nopt": "bin/nopt.js"
      }
    },
    "node_modules/sqlite3/node_modules/npmlog": {
      "version": "4.1.2",
      "inBundle": true,
      "license": "ISC",
      "optional": true,
      "dependencies": {
        "are-we-there-yet": "~1.1.2",
        "console-control-strings": "~1.1.0",
        "gauge": "~2.7.3",
        "set-blocking": "~2.0.0"
      }
    },
    "node_modules/sqlite3/node_modules/number-is-nan": {
      "version": "1.0.1",
      "inBundle": true,
      "license": "MIT",
      "optional": true,
      "engines": {
        "node": ">=0.10.0"
      }
    },
    "node_modules/sqlite3/node_modules/oauth-sign": {
      "version": "0.8.2",
      "inBundle": true,
      "license": "Apache-2.0",
      "optional": true,
      "engines": {
        "node": "*"
      }
    },
    "node_modules/sqlite3/node_modules/object-assign": {
      "version": "4.1.1",
      "inBundle": true,
      "license": "MIT",
      "optional": true,
      "engines": {
        "node": ">=0.10.0"
      }
    },
    "node_modules/sqlite3/node_modules/once": {
      "version": "1.4.0",
      "inBundle": true,
      "license": "ISC",
      "optional": true,
      "dependencies": {
        "wrappy": "1"
      }
    },
    "node_modules/sqlite3/node_modules/os-homedir": {
      "version": "1.0.2",
      "inBundle": true,
      "license": "MIT",
      "optional": true,
      "engines": {
        "node": ">=0.10.0"
      }
    },
    "node_modules/sqlite3/node_modules/os-tmpdir": {
      "version": "1.0.2",
      "inBundle": true,
      "license": "MIT",
      "optional": true,
      "engines": {
        "node": ">=0.10.0"
      }
    },
    "node_modules/sqlite3/node_modules/osenv": {
      "version": "0.1.4",
      "inBundle": true,
      "license": "ISC",
      "optional": true,
      "dependencies": {
        "os-homedir": "^1.0.0",
        "os-tmpdir": "^1.0.0"
      }
    },
    "node_modules/sqlite3/node_modules/path-is-absolute": {
      "version": "1.0.1",
      "inBundle": true,
      "license": "MIT",
      "optional": true,
      "engines": {
        "node": ">=0.10.0"
      }
    },
    "node_modules/sqlite3/node_modules/performance-now": {
      "version": "0.2.0",
      "inBundle": true,
      "license": "MIT",
      "optional": true
    },
    "node_modules/sqlite3/node_modules/process-nextick-args": {
      "version": "1.0.7",
      "inBundle": true,
      "license": "MIT",
      "optional": true
    },
    "node_modules/sqlite3/node_modules/punycode": {
      "version": "1.4.1",
      "inBundle": true,
      "license": "MIT",
      "optional": true
    },
    "node_modules/sqlite3/node_modules/qs": {
      "version": "6.4.0",
      "inBundle": true,
      "license": "BSD-3-Clause",
      "optional": true,
      "engines": {
        "node": ">=0.6"
      }
    },
    "node_modules/sqlite3/node_modules/rc": {
      "version": "1.2.1",
      "inBundle": true,
      "license": "(BSD-2-Clause OR MIT OR Apache-2.0)",
      "optional": true,
      "dependencies": {
        "deep-extend": "~0.4.0",
        "ini": "~1.3.0",
        "minimist": "^1.2.0",
        "strip-json-comments": "~2.0.1"
      },
      "bin": {
        "rc": "index.js"
      }
    },
    "node_modules/sqlite3/node_modules/rc/node_modules/minimist": {
      "version": "1.2.0",
      "inBundle": true,
      "license": "MIT",
      "optional": true
    },
    "node_modules/sqlite3/node_modules/readable-stream": {
      "version": "2.3.3",
      "inBundle": true,
      "license": "MIT",
      "optional": true,
      "dependencies": {
        "core-util-is": "~1.0.0",
        "inherits": "~2.0.3",
        "isarray": "~1.0.0",
        "process-nextick-args": "~1.0.6",
        "safe-buffer": "~5.1.1",
        "string_decoder": "~1.0.3",
        "util-deprecate": "~1.0.1"
      }
    },
    "node_modules/sqlite3/node_modules/request": {
      "version": "2.81.0",
      "inBundle": true,
      "license": "Apache-2.0",
      "optional": true,
      "dependencies": {
        "aws-sign2": "~0.6.0",
        "aws4": "^1.2.1",
        "caseless": "~0.12.0",
        "combined-stream": "~1.0.5",
        "extend": "~3.0.0",
        "forever-agent": "~0.6.1",
        "form-data": "~2.1.1",
        "har-validator": "~4.2.1",
        "hawk": "~3.1.3",
        "http-signature": "~1.1.0",
        "is-typedarray": "~1.0.0",
        "isstream": "~0.1.2",
        "json-stringify-safe": "~5.0.1",
        "mime-types": "~2.1.7",
        "oauth-sign": "~0.8.1",
        "performance-now": "^0.2.0",
        "qs": "~6.4.0",
        "safe-buffer": "^5.0.1",
        "stringstream": "~0.0.4",
        "tough-cookie": "~2.3.0",
        "tunnel-agent": "^0.6.0",
        "uuid": "^3.0.0"
      },
      "engines": {
        "node": ">= 4"
      }
    },
    "node_modules/sqlite3/node_modules/rimraf": {
      "version": "2.6.2",
      "inBundle": true,
      "license": "ISC",
      "optional": true,
      "dependencies": {
        "glob": "^7.0.5"
      },
      "bin": {
        "rimraf": "bin.js"
      }
    },
    "node_modules/sqlite3/node_modules/safe-buffer": {
      "version": "5.1.1",
      "inBundle": true,
      "license": "MIT",
      "optional": true
    },
    "node_modules/sqlite3/node_modules/semver": {
      "version": "5.4.1",
      "inBundle": true,
      "license": "ISC",
      "optional": true,
      "bin": {
        "semver": "bin/semver"
      }
    },
    "node_modules/sqlite3/node_modules/set-blocking": {
      "version": "2.0.0",
      "inBundle": true,
      "license": "ISC",
      "optional": true
    },
    "node_modules/sqlite3/node_modules/signal-exit": {
      "version": "3.0.2",
      "inBundle": true,
      "license": "ISC",
      "optional": true
    },
    "node_modules/sqlite3/node_modules/sntp": {
      "version": "1.0.9",
      "inBundle": true,
      "optional": true,
      "dependencies": {
        "hoek": "2.x.x"
      },
      "engines": {
        "node": ">=0.8.0"
      }
    },
    "node_modules/sqlite3/node_modules/sshpk": {
      "version": "1.13.1",
      "inBundle": true,
      "license": "MIT",
      "optional": true,
      "dependencies": {
        "asn1": "~0.2.3",
        "assert-plus": "^1.0.0",
        "dashdash": "^1.12.0",
        "getpass": "^0.1.1"
      },
      "bin": {
        "sshpk-conv": "bin/sshpk-conv",
        "sshpk-sign": "bin/sshpk-sign",
        "sshpk-verify": "bin/sshpk-verify"
      },
      "engines": {
        "node": ">=0.10.0"
      },
      "optionalDependencies": {
        "bcrypt-pbkdf": "^1.0.0",
        "ecc-jsbn": "~0.1.1",
        "jsbn": "~0.1.0",
        "tweetnacl": "~0.14.0"
      }
    },
    "node_modules/sqlite3/node_modules/sshpk/node_modules/assert-plus": {
      "version": "1.0.0",
      "inBundle": true,
      "license": "MIT",
      "optional": true,
      "engines": {
        "node": ">=0.8"
      }
    },
    "node_modules/sqlite3/node_modules/string_decoder": {
      "version": "1.0.3",
      "inBundle": true,
      "license": "MIT",
      "optional": true,
      "dependencies": {
        "safe-buffer": "~5.1.0"
      }
    },
    "node_modules/sqlite3/node_modules/string-width": {
      "version": "1.0.2",
      "inBundle": true,
      "license": "MIT",
      "optional": true,
      "dependencies": {
        "code-point-at": "^1.0.0",
        "is-fullwidth-code-point": "^1.0.0",
        "strip-ansi": "^3.0.0"
      },
      "engines": {
        "node": ">=0.10.0"
      }
    },
    "node_modules/sqlite3/node_modules/stringstream": {
      "version": "0.0.5",
      "inBundle": true,
      "license": "MIT",
      "optional": true
    },
    "node_modules/sqlite3/node_modules/strip-ansi": {
      "version": "3.0.1",
      "inBundle": true,
      "license": "MIT",
      "optional": true,
      "dependencies": {
        "ansi-regex": "^2.0.0"
      },
      "engines": {
        "node": ">=0.10.0"
      }
    },
    "node_modules/sqlite3/node_modules/strip-json-comments": {
      "version": "2.0.1",
      "inBundle": true,
      "license": "MIT",
      "optional": true,
      "engines": {
        "node": ">=0.10.0"
      }
    },
    "node_modules/sqlite3/node_modules/tar": {
      "version": "2.2.1",
      "inBundle": true,
      "license": "ISC",
      "optional": true,
      "dependencies": {
        "block-stream": "*",
        "fstream": "^1.0.2",
        "inherits": "2"
      }
    },
    "node_modules/sqlite3/node_modules/tar-pack": {
      "version": "3.4.0",
      "inBundle": true,
      "license": "BSD-2-Clause",
      "optional": true,
      "dependencies": {
        "debug": "^2.2.0",
        "fstream": "^1.0.10",
        "fstream-ignore": "^1.0.5",
        "once": "^1.3.3",
        "readable-stream": "^2.1.4",
        "rimraf": "^2.5.1",
        "tar": "^2.2.1",
        "uid-number": "^0.0.6"
      }
    },
    "node_modules/sqlite3/node_modules/tough-cookie": {
      "version": "2.3.3",
      "inBundle": true,
      "license": "BSD-3-Clause",
      "optional": true,
      "dependencies": {
        "punycode": "^1.4.1"
      },
      "engines": {
        "node": ">=0.8"
      }
    },
    "node_modules/sqlite3/node_modules/tunnel-agent": {
      "version": "0.6.0",
      "inBundle": true,
      "license": "Apache-2.0",
      "optional": true,
      "dependencies": {
        "safe-buffer": "^5.0.1"
      },
      "engines": {
        "node": "*"
      }
    },
    "node_modules/sqlite3/node_modules/tweetnacl": {
      "version": "0.14.5",
      "inBundle": true,
      "license": "Unlicense",
      "optional": true
    },
    "node_modules/sqlite3/node_modules/uid-number": {
      "version": "0.0.6",
      "inBundle": true,
      "license": "ISC",
      "optional": true,
      "engines": {
        "node": "*"
      }
    },
    "node_modules/sqlite3/node_modules/util-deprecate": {
      "version": "1.0.2",
      "inBundle": true,
      "license": "MIT",
      "optional": true
    },
    "node_modules/sqlite3/node_modules/uuid": {
      "version": "3.1.0",
      "inBundle": true,
      "license": "MIT",
      "optional": true,
      "bin": {
        "uuid": "bin/uuid"
      }
    },
    "node_modules/sqlite3/node_modules/verror": {
      "version": "1.10.0",
      "engines": [
        "node >=0.6.0"
      ],
      "inBundle": true,
      "license": "MIT",
      "optional": true,
      "dependencies": {
        "assert-plus": "^1.0.0",
        "core-util-is": "1.0.2",
        "extsprintf": "^1.2.0"
      }
    },
    "node_modules/sqlite3/node_modules/verror/node_modules/assert-plus": {
      "version": "1.0.0",
      "inBundle": true,
      "license": "MIT",
      "optional": true,
      "engines": {
        "node": ">=0.8"
      }
    },
    "node_modules/sqlite3/node_modules/wide-align": {
      "version": "1.1.2",
      "inBundle": true,
      "license": "ISC",
      "optional": true,
      "dependencies": {
        "string-width": "^1.0.2"
      }
    },
    "node_modules/sqlite3/node_modules/wrappy": {
      "version": "1.0.2",
      "inBundle": true,
      "license": "ISC",
      "optional": true
    }
  }
}
